
Microsoft Visual Studio Solution File, Format Version 12.00
# Visual Studio Version 17
VisualStudioVersion = 17.10.35027.167
MinimumVisualStudioVersion = 10.0.40219.1
Project("{FAE04EC0-301F-11D3-BF4B-00C04F79EFBC}") = "StaticFucTemplate", "StaticFucTemplate\StaticFucTemplate.csproj", "{4A070396-9DF1-4142-B270-09581B2DFFD4}"
EndProject
Global
	GlobalSection(SolutionConfigurationPlatforms) = preSolution
		Debug|Any CPU = Debug|Any CPU
		Release|Any CPU = Release|Any CPU
	EndGlobalSection
	GlobalSection(ProjectConfigurationPlatforms) = postSolution
		{4A070396-9DF1-4142-B270-09581B2DFFD4}.Debug|Any CPU.ActiveCfg = Debug|Any CPU
		{4A070396-9DF1-4142-B270-09581B2DFFD4}.Debug|Any CPU.Build.0 = Debug|Any CPU
		{4A070396-9DF1-4142-B270-09581B2DFFD4}.Release|Any CPU.ActiveCfg = Release|Any CPU
		{4A070396-9DF1-4142-B270-09581B2DFFD4}.Release|Any CPU.Build.0 = Release|Any CPU
	EndGlobalSection
	GlobalSection(SolutionProperties) = preSolution
		HideSolutionNode = FALSE
	EndGlobalSection
	GlobalSection(ExtensibilityGlobals) = postSolution
		SolutionGuid = {FA98D375-A123-4254-BD50-C5EC1DE34D6B}
	EndGlobalSection
EndGlobal
