
Microsoft Visual Studio Solution File, Format Version 12.00
# Visual Studio Version 16
VisualStudioVersion = 16.0.33801.447
MinimumVisualStudioVersion = 10.0.40219.1
Project("{FAE04EC0-301F-11D3-BF4B-00C04F79EFBC}") = "InheritedExample", "InheritedExample\InheritedExample.csproj", "{76A8DE42-42FC-40AD-81D3-760FF6CB318B}"
EndProject
Global
	GlobalSection(SolutionConfigurationPlatforms) = preSolution
		Debug|Any CPU = Debug|Any CPU
		Release|Any CPU = Release|Any CPU
	EndGlobalSection
	GlobalSection(ProjectConfigurationPlatforms) = postSolution
		{76A8DE42-42FC-40AD-81D3-760FF6CB318B}.Debug|Any CPU.ActiveCfg = Debug|Any CPU
		{76A8DE42-42FC-40AD-81D3-760FF6CB318B}.Debug|Any CPU.Build.0 = Debug|Any CPU
		{76A8DE42-42FC-40AD-81D3-760FF6CB318B}.Release|Any CPU.ActiveCfg = Release|Any CPU
		{76A8DE42-42FC-40AD-81D3-760FF6CB318B}.Release|Any CPU.Build.0 = Release|Any CPU
	EndGlobalSection
	GlobalSection(SolutionProperties) = preSolution
		HideSolutionNode = FALSE
	EndGlobalSection
	GlobalSection(ExtensibilityGlobals) = postSolution
		SolutionGuid = {E06E7704-931C-482B-8600-832CDA9EA0AF}
	EndGlobalSection
EndGlobal
