
Microsoft Visual Studio Solution File, Format Version 12.00
# Visual Studio Version 16
VisualStudioVersion = 16.0.33214.272
MinimumVisualStudioVersion = 10.0.40219.1
Project("{FAE04EC0-301F-11D3-BF4B-00C04F79EFBC}") = "TestMVVM", "TestMVVM\TestMVVM.csproj", "{B372044B-7EF6-44E3-9D65-78C3EFD1993F}"
EndProject
Global
	GlobalSection(SolutionConfigurationPlatforms) = preSolution
		Debug|Any CPU = Debug|Any CPU
		Release|Any CPU = Release|Any CPU
	EndGlobalSection
	GlobalSection(ProjectConfigurationPlatforms) = postSolution
		{B372044B-7EF6-44E3-9D65-78C3EFD1993F}.Debug|Any CPU.ActiveCfg = Debug|Any CPU
		{B372044B-7EF6-44E3-9D65-78C3EFD1993F}.Debug|Any CPU.Build.0 = Debug|Any CPU
		{B372044B-7EF6-44E3-9D65-78C3EFD1993F}.Release|Any CPU.ActiveCfg = Release|Any CPU
		{B372044B-7EF6-44E3-9D65-78C3EFD1993F}.Release|Any CPU.Build.0 = Release|Any CPU
	EndGlobalSection
	GlobalSection(SolutionProperties) = preSolution
		HideSolutionNode = FALSE
	EndGlobalSection
	GlobalSection(ExtensibilityGlobals) = postSolution
		SolutionGuid = {FC5A51C2-5D47-4D15-9075-A73B2BDD5F14}
	EndGlobalSection
EndGlobal
