
Microsoft Visual Studio Solution File, Format Version 12.00
# Visual Studio Version 16
VisualStudioVersion = 16.0.33214.272
MinimumVisualStudioVersion = 10.0.40219.1
Project("{FAE04EC0-301F-11D3-BF4B-00C04F79EFBC}") = "Ex1", "Ex1\Ex1.csproj", "{69C0358A-2D6B-41ED-83F2-40D0A7209E04}"
EndProject
Global
	GlobalSection(SolutionConfigurationPlatforms) = preSolution
		Debug|Any CPU = Debug|Any CPU
		Release|Any CPU = Release|Any CPU
	EndGlobalSection
	GlobalSection(ProjectConfigurationPlatforms) = postSolution
		{69C0358A-2D6B-41ED-83F2-40D0A7209E04}.Debug|Any CPU.ActiveCfg = Debug|Any CPU
		{69C0358A-2D6B-41ED-83F2-40D0A7209E04}.Debug|Any CPU.Build.0 = Debug|Any CPU
		{69C0358A-2D6B-41ED-83F2-40D0A7209E04}.Release|Any CPU.ActiveCfg = Release|Any CPU
		{69C0358A-2D6B-41ED-83F2-40D0A7209E04}.Release|Any CPU.Build.0 = Release|Any CPU
	EndGlobalSection
	GlobalSection(SolutionProperties) = preSolution
		HideSolutionNode = FALSE
	EndGlobalSection
	GlobalSection(ExtensibilityGlobals) = postSolution
		SolutionGuid = {ADD933E3-142B-463C-8918-B305D41B191E}
	EndGlobalSection
EndGlobal
