
Microsoft Visual Studio Solution File, Format Version 12.00
# Visual Studio Version 16
VisualStudioVersion = 16.0.33801.447
MinimumVisualStudioVersion = 10.0.40219.1
Project("{FAE04EC0-301F-11D3-BF4B-00C04F79EFBC}") = "ParallelLockExample", "ParallelLockExample\ParallelLockExample.csproj", "{AAF2D25C-5335-4D20-B7B6-669F709A3BB5}"
EndProject
Global
	GlobalSection(SolutionConfigurationPlatforms) = preSolution
		Debug|Any CPU = Debug|Any CPU
		Release|Any CPU = Release|Any CPU
	EndGlobalSection
	GlobalSection(ProjectConfigurationPlatforms) = postSolution
		{AAF2D25C-5335-4D20-B7B6-669F709A3BB5}.Debug|Any CPU.ActiveCfg = Debug|Any CPU
		{AAF2D25C-5335-4D20-B7B6-669F709A3BB5}.Debug|Any CPU.Build.0 = Debug|Any CPU
		{AAF2D25C-5335-4D20-B7B6-669F709A3BB5}.Release|Any CPU.ActiveCfg = Release|Any CPU
		{AAF2D25C-5335-4D20-B7B6-669F709A3BB5}.Release|Any CPU.Build.0 = Release|Any CPU
	EndGlobalSection
	GlobalSection(SolutionProperties) = preSolution
		HideSolutionNode = FALSE
	EndGlobalSection
	GlobalSection(ExtensibilityGlobals) = postSolution
		SolutionGuid = {4D155005-BE6F-4666-BBEE-B1E78CC10FB2}
	EndGlobalSection
EndGlobal
