
Microsoft Visual Studio Solution File, Format Version 12.00
# Visual Studio Version 16
VisualStudioVersion = 16.0.33801.447
MinimumVisualStudioVersion = 10.0.40219.1
Project("{FAE04EC0-301F-11D3-BF4B-00C04F79EFBC}") = "ConsoleAppExample1", "ConsoleApp1\ConsoleAppExample1.csproj", "{2697958C-1CDD-46AE-9978-86241C586F8F}"
EndProject
Global
	GlobalSection(SolutionConfigurationPlatforms) = preSolution
		Debug|Any CPU = Debug|Any CPU
		Release|Any CPU = Release|Any CPU
	EndGlobalSection
	GlobalSection(ProjectConfigurationPlatforms) = postSolution
		{2697958C-1CDD-46AE-9978-86241C586F8F}.Debug|Any CPU.ActiveCfg = Debug|Any CPU
		{2697958C-1CDD-46AE-9978-86241C586F8F}.Debug|Any CPU.Build.0 = Debug|Any CPU
		{2697958C-1CDD-46AE-9978-86241C586F8F}.Release|Any CPU.ActiveCfg = Release|Any CPU
		{2697958C-1CDD-46AE-9978-86241C586F8F}.Release|Any CPU.Build.0 = Release|Any CPU
	EndGlobalSection
	GlobalSection(SolutionProperties) = preSolution
		HideSolutionNode = FALSE
	EndGlobalSection
	GlobalSection(ExtensibilityGlobals) = postSolution
		SolutionGuid = {1C17945F-3CFA-45E3-A93B-9A46D279C3A1}
	EndGlobalSection
EndGlobal
