
Microsoft Visual Studio Solution File, Format Version 12.00
# Visual Studio Version 17
VisualStudioVersion = 17.10.35027.167
MinimumVisualStudioVersion = 10.0.40219.1
Project("{FAE04EC0-301F-11D3-BF4B-00C04F79EFBC}") = "SimpleFuncInterface", "SimpleFuncInterface\SimpleFuncInterface.csproj", "{12E9A26A-88EE-499B-B281-010F5700DB32}"
EndProject
Global
	GlobalSection(SolutionConfigurationPlatforms) = preSolution
		Debug|Any CPU = Debug|Any CPU
		Release|Any CPU = Release|Any CPU
	EndGlobalSection
	GlobalSection(ProjectConfigurationPlatforms) = postSolution
		{12E9A26A-88EE-499B-B281-010F5700DB32}.Debug|Any CPU.ActiveCfg = Debug|Any CPU
		{12E9A26A-88EE-499B-B281-010F5700DB32}.Debug|Any CPU.Build.0 = Debug|Any CPU
		{12E9A26A-88EE-499B-B281-010F5700DB32}.Release|Any CPU.ActiveCfg = Release|Any CPU
		{12E9A26A-88EE-499B-B281-010F5700DB32}.Release|Any CPU.Build.0 = Release|Any CPU
	EndGlobalSection
	GlobalSection(SolutionProperties) = preSolution
		HideSolutionNode = FALSE
	EndGlobalSection
	GlobalSection(ExtensibilityGlobals) = postSolution
		SolutionGuid = {08151542-105B-4F39-9C94-71AAF15C5495}
	EndGlobalSection
EndGlobal
