
Microsoft Visual Studio Solution File, Format Version 12.00
# Visual Studio Version 17
VisualStudioVersion = 17.11.35219.272
MinimumVisualStudioVersion = 10.0.40219.1
Project("{9A19103F-16F7-4668-BE54-9A1E7A4F7556}") = "FilterMedian", "FilterMedian\FilterMedian.csproj", "{E754B306-1985-4B76-90BF-4B736EA53A09}"
EndProject
Project("{FAE04EC0-301F-11D3-BF4B-00C04F79EFBC}") = "FilterMedianTest", "FilterMedianTest\FilterMedianTest.csproj", "{C27C7108-4F33-4E3A-B048-4A6FABA87378}"
EndProject
Global
	GlobalSection(SolutionConfigurationPlatforms) = preSolution
		Debug|Any CPU = Debug|Any CPU
		Release|Any CPU = Release|Any CPU
	EndGlobalSection
	GlobalSection(ProjectConfigurationPlatforms) = postSolution
		{E754B306-1985-4B76-90BF-4B736EA53A09}.Debug|Any CPU.ActiveCfg = Debug|Any CPU
		{E754B306-1985-4B76-90BF-4B736EA53A09}.Debug|Any CPU.Build.0 = Debug|Any CPU
		{E754B306-1985-4B76-90BF-4B736EA53A09}.Release|Any CPU.ActiveCfg = Release|Any CPU
		{E754B306-1985-4B76-90BF-4B736EA53A09}.Release|Any CPU.Build.0 = Release|Any CPU
		{C27C7108-4F33-4E3A-B048-4A6FABA87378}.Debug|Any CPU.ActiveCfg = Debug|Any CPU
		{C27C7108-4F33-4E3A-B048-4A6FABA87378}.Debug|Any CPU.Build.0 = Debug|Any CPU
		{C27C7108-4F33-4E3A-B048-4A6FABA87378}.Release|Any CPU.ActiveCfg = Release|Any CPU
		{C27C7108-4F33-4E3A-B048-4A6FABA87378}.Release|Any CPU.Build.0 = Release|Any CPU
	EndGlobalSection
	GlobalSection(SolutionProperties) = preSolution
		HideSolutionNode = FALSE
	EndGlobalSection
	GlobalSection(ExtensibilityGlobals) = postSolution
		SolutionGuid = {4D54D2AE-8F23-4B84-B954-74C74F8574D9}
	EndGlobalSection
EndGlobal
